
Microsoft Visual Studio Solution File, Format Version 12.00
# Visual Studio 15
VisualStudioVersion = 15.0.27703.2042
MinimumVisualStudioVersion = 10.0.40219.1
Project("{FAE04EC0-301F-11D3-BF4B-00C04F79EFBC}") = "WeatherAppLab.Android", "WeatherAppLab\WeatherAppLab.Android\WeatherAppLab.Android.csproj", "{B07CFE12-A37B-46F7-898E-18CC5D7B7E97}"
EndProject
Project("{FAE04EC0-301F-11D3-BF4B-00C04F79EFBC}") = "WeatherAppLab.iOS", "WeatherAppLab\WeatherAppLab.iOS\WeatherAppLab.iOS.csproj", "{498AC7EC-9BE0-4F29-B0E0-3CDAD91EBD49}"
EndProject
Project("{FAE04EC0-301F-11D3-BF4B-00C04F79EFBC}") = "WeatherAppLab.UWP", "WeatherAppLab\WeatherAppLab.UWP\WeatherAppLab.UWP.csproj", "{D7EDEC7D-CAF6-4280-B321-A9CD2269D784}"
EndProject
Project("{FAE04EC0-301F-11D3-BF4B-00C04F79EFBC}") = "WeatherAppLab", "WeatherAppLab\WeatherAppLab\WeatherAppLab.csproj", "{3481C122-9B41-49E2-A9D8-A4084DB63CB5}"
EndProject
Global
	GlobalSection(SolutionConfigurationPlatforms) = preSolution
		Ad-Hoc|Any CPU = Ad-Hoc|Any CPU
		Ad-Hoc|ARM = Ad-Hoc|ARM
		Ad-Hoc|iPhone = Ad-Hoc|iPhone
		Ad-Hoc|iPhoneSimulator = Ad-Hoc|iPhoneSimulator
		Ad-Hoc|x64 = Ad-Hoc|x64
		Ad-Hoc|x86 = Ad-Hoc|x86
		AppStore|Any CPU = AppStore|Any CPU
		AppStore|ARM = AppStore|ARM
		AppStore|iPhone = AppStore|iPhone
		AppStore|iPhoneSimulator = AppStore|iPhoneSimulator
		AppStore|x64 = AppStore|x64
		AppStore|x86 = AppStore|x86
		Debug|Any CPU = Debug|Any CPU
		Debug|ARM = Debug|ARM
		Debug|iPhone = Debug|iPhone
		Debug|iPhoneSimulator = Debug|iPhoneSimulator
		Debug|x64 = Debug|x64
		Debug|x86 = Debug|x86
		Release|Any CPU = Release|Any CPU
		Release|ARM = Release|ARM
		Release|iPhone = Release|iPhone
		Release|iPhoneSimulator = Release|iPhoneSimulator
		Release|x64 = Release|x64
		Release|x86 = Release|x86
	EndGlobalSection
	GlobalSection(ProjectConfigurationPlatforms) = postSolution
		{B07CFE12-A37B-46F7-898E-18CC5D7B7E97}.Ad-Hoc|Any CPU.ActiveCfg = Release|Any CPU
		{B07CFE12-A37B-46F7-898E-18CC5D7B7E97}.Ad-Hoc|Any CPU.Build.0 = Release|Any CPU
		{B07CFE12-A37B-46F7-898E-18CC5D7B7E97}.Ad-Hoc|Any CPU.Deploy.0 = Release|Any CPU
		{B07CFE12-A37B-46F7-898E-18CC5D7B7E97}.Ad-Hoc|ARM.ActiveCfg = Release|Any CPU
		{B07CFE12-A37B-46F7-898E-18CC5D7B7E97}.Ad-Hoc|ARM.Build.0 = Release|Any CPU
		{B07CFE12-A37B-46F7-898E-18CC5D7B7E97}.Ad-Hoc|ARM.Deploy.0 = Release|Any CPU
		{B07CFE12-A37B-46F7-898E-18CC5D7B7E97}.Ad-Hoc|iPhone.ActiveCfg = Release|Any CPU
		{B07CFE12-A37B-46F7-898E-18CC5D7B7E97}.Ad-Hoc|iPhone.Build.0 = Release|Any CPU
		{B07CFE12-A37B-46F7-898E-18CC5D7B7E97}.Ad-Hoc|iPhone.Deploy.0 = Release|Any CPU
		{B07CFE12-A37B-46F7-898E-18CC5D7B7E97}.Ad-Hoc|iPhoneSimulator.ActiveCfg = Release|Any CPU
		{B07CFE12-A37B-46F7-898E-18CC5D7B7E97}.Ad-Hoc|iPhoneSimulator.Build.0 = Release|Any CPU
		{B07CFE12-A37B-46F7-898E-18CC5D7B7E97}.Ad-Hoc|iPhoneSimulator.Deploy.0 = Release|Any CPU
		{B07CFE12-A37B-46F7-898E-18CC5D7B7E97}.Ad-Hoc|x64.ActiveCfg = Release|Any CPU
		{B07CFE12-A37B-46F7-898E-18CC5D7B7E97}.Ad-Hoc|x64.Build.0 = Release|Any CPU
		{B07CFE12-A37B-46F7-898E-18CC5D7B7E97}.Ad-Hoc|x64.Deploy.0 = Release|Any CPU
		{B07CFE12-A37B-46F7-898E-18CC5D7B7E97}.Ad-Hoc|x86.ActiveCfg = Release|Any CPU
		{B07CFE12-A37B-46F7-898E-18CC5D7B7E97}.Ad-Hoc|x86.Build.0 = Release|Any CPU
		{B07CFE12-A37B-46F7-898E-18CC5D7B7E97}.Ad-Hoc|x86.Deploy.0 = Release|Any CPU
		{B07CFE12-A37B-46F7-898E-18CC5D7B7E97}.AppStore|Any CPU.ActiveCfg = Release|Any CPU
		{B07CFE12-A37B-46F7-898E-18CC5D7B7E97}.AppStore|Any CPU.Build.0 = Release|Any CPU
		{B07CFE12-A37B-46F7-898E-18CC5D7B7E97}.AppStore|Any CPU.Deploy.0 = Release|Any CPU
		{B07CFE12-A37B-46F7-898E-18CC5D7B7E97}.AppStore|ARM.ActiveCfg = Release|Any CPU
		{B07CFE12-A37B-46F7-898E-18CC5D7B7E97}.AppStore|ARM.Build.0 = Release|Any CPU
		{B07CFE12-A37B-46F7-898E-18CC5D7B7E97}.AppStore|ARM.Deploy.0 = Release|Any CPU
		{B07CFE12-A37B-46F7-898E-18CC5D7B7E97}.AppStore|iPhone.ActiveCfg = Release|Any CPU
		{B07CFE12-A37B-46F7-898E-18CC5D7B7E97}.AppStore|iPhone.Build.0 = Release|Any CPU
		{B07CFE12-A37B-46F7-898E-18CC5D7B7E97}.AppStore|iPhone.Deploy.0 = Release|Any CPU
		{B07CFE12-A37B-46F7-898E-18CC5D7B7E97}.AppStore|iPhoneSimulator.ActiveCfg = Release|Any CPU
		{B07CFE12-A37B-46F7-898E-18CC5D7B7E97}.AppStore|iPhoneSimulator.Build.0 = Release|Any CPU
		{B07CFE12-A37B-46F7-898E-18CC5D7B7E97}.AppStore|iPhoneSimulator.Deploy.0 = Release|Any CPU
		{B07CFE12-A37B-46F7-898E-18CC5D7B7E97}.AppStore|x64.ActiveCfg = Release|Any CPU
		{B07CFE12-A37B-46F7-898E-18CC5D7B7E97}.AppStore|x64.Build.0 = Release|Any CPU
		{B07CFE12-A37B-46F7-898E-18CC5D7B7E97}.AppStore|x64.Deploy.0 = Release|Any CPU
		{B07CFE12-A37B-46F7-898E-18CC5D7B7E97}.AppStore|x86.ActiveCfg = Release|Any CPU
		{B07CFE12-A37B-46F7-898E-18CC5D7B7E97}.AppStore|x86.Build.0 = Release|Any CPU
		{B07CFE12-A37B-46F7-898E-18CC5D7B7E97}.AppStore|x86.Deploy.0 = Release|Any CPU
		{B07CFE12-A37B-46F7-898E-18CC5D7B7E97}.Debug|Any CPU.ActiveCfg = Debug|Any CPU
		{B07CFE12-A37B-46F7-898E-18CC5D7B7E97}.Debug|Any CPU.Build.0 = Debug|Any CPU
		{B07CFE12-A37B-46F7-898E-18CC5D7B7E97}.Debug|Any CPU.Deploy.0 = Debug|Any CPU
		{B07CFE12-A37B-46F7-898E-18CC5D7B7E97}.Debug|ARM.ActiveCfg = Debug|Any CPU
		{B07CFE12-A37B-46F7-898E-18CC5D7B7E97}.Debug|ARM.Build.0 = Debug|Any CPU
		{B07CFE12-A37B-46F7-898E-18CC5D7B7E97}.Debug|ARM.Deploy.0 = Debug|Any CPU
		{B07CFE12-A37B-46F7-898E-18CC5D7B7E97}.Debug|iPhone.ActiveCfg = Debug|Any CPU
		{B07CFE12-A37B-46F7-898E-18CC5D7B7E97}.Debug|iPhone.Build.0 = Debug|Any CPU
		{B07CFE12-A37B-46F7-898E-18CC5D7B7E97}.Debug|iPhone.Deploy.0 = Debug|Any CPU
		{B07CFE12-A37B-46F7-898E-18CC5D7B7E97}.Debug|iPhoneSimulator.ActiveCfg = Debug|Any CPU
		{B07CFE12-A37B-46F7-898E-18CC5D7B7E97}.Debug|iPhoneSimulator.Build.0 = Debug|Any CPU
		{B07CFE12-A37B-46F7-898E-18CC5D7B7E97}.Debug|iPhoneSimulator.Deploy.0 = Debug|Any CPU
		{B07CFE12-A37B-46F7-898E-18CC5D7B7E97}.Debug|x64.ActiveCfg = Debug|Any CPU
		{B07CFE12-A37B-46F7-898E-18CC5D7B7E97}.Debug|x64.Build.0 = Debug|Any CPU
		{B07CFE12-A37B-46F7-898E-18CC5D7B7E97}.Debug|x64.Deploy.0 = Debug|Any CPU
		{B07CFE12-A37B-46F7-898E-18CC5D7B7E97}.Debug|x86.ActiveCfg = Debug|Any CPU
		{B07CFE12-A37B-46F7-898E-18CC5D7B7E97}.Debug|x86.Build.0 = Debug|Any CPU
		{B07CFE12-A37B-46F7-898E-18CC5D7B7E97}.Debug|x86.Deploy.0 = Debug|Any CPU
		{B07CFE12-A37B-46F7-898E-18CC5D7B7E97}.Release|Any CPU.ActiveCfg = Release|Any CPU
		{B07CFE12-A37B-46F7-898E-18CC5D7B7E97}.Release|Any CPU.Build.0 = Release|Any CPU
		{B07CFE12-A37B-46F7-898E-18CC5D7B7E97}.Release|Any CPU.Deploy.0 = Release|Any CPU
		{B07CFE12-A37B-46F7-898E-18CC5D7B7E97}.Release|ARM.ActiveCfg = Release|Any CPU
		{B07CFE12-A37B-46F7-898E-18CC5D7B7E97}.Release|ARM.Build.0 = Release|Any CPU
		{B07CFE12-A37B-46F7-898E-18CC5D7B7E97}.Release|ARM.Deploy.0 = Release|Any CPU
		{B07CFE12-A37B-46F7-898E-18CC5D7B7E97}.Release|iPhone.ActiveCfg = Release|Any CPU
		{B07CFE12-A37B-46F7-898E-18CC5D7B7E97}.Release|iPhone.Build.0 = Release|Any CPU
		{B07CFE12-A37B-46F7-898E-18CC5D7B7E97}.Release|iPhone.Deploy.0 = Release|Any CPU
		{B07CFE12-A37B-46F7-898E-18CC5D7B7E97}.Release|iPhoneSimulator.ActiveCfg = Release|Any CPU
		{B07CFE12-A37B-46F7-898E-18CC5D7B7E97}.Release|iPhoneSimulator.Build.0 = Release|Any CPU
		{B07CFE12-A37B-46F7-898E-18CC5D7B7E97}.Release|iPhoneSimulator.Deploy.0 = Release|Any CPU
		{B07CFE12-A37B-46F7-898E-18CC5D7B7E97}.Release|x64.ActiveCfg = Release|Any CPU
		{B07CFE12-A37B-46F7-898E-18CC5D7B7E97}.Release|x64.Build.0 = Release|Any CPU
		{B07CFE12-A37B-46F7-898E-18CC5D7B7E97}.Release|x64.Deploy.0 = Release|Any CPU
		{B07CFE12-A37B-46F7-898E-18CC5D7B7E97}.Release|x86.ActiveCfg = Release|Any CPU
		{B07CFE12-A37B-46F7-898E-18CC5D7B7E97}.Release|x86.Build.0 = Release|Any CPU
		{B07CFE12-A37B-46F7-898E-18CC5D7B7E97}.Release|x86.Deploy.0 = Release|Any CPU
		{498AC7EC-9BE0-4F29-B0E0-3CDAD91EBD49}.Ad-Hoc|Any CPU.ActiveCfg = Ad-Hoc|iPhone
		{498AC7EC-9BE0-4F29-B0E0-3CDAD91EBD49}.Ad-Hoc|Any CPU.Build.0 = Ad-Hoc|iPhone
		{498AC7EC-9BE0-4F29-B0E0-3CDAD91EBD49}.Ad-Hoc|Any CPU.Deploy.0 = Ad-Hoc|iPhone
		{498AC7EC-9BE0-4F29-B0E0-3CDAD91EBD49}.Ad-Hoc|ARM.ActiveCfg = Ad-Hoc|iPhone
		{498AC7EC-9BE0-4F29-B0E0-3CDAD91EBD49}.Ad-Hoc|ARM.Build.0 = Ad-Hoc|iPhone
		{498AC7EC-9BE0-4F29-B0E0-3CDAD91EBD49}.Ad-Hoc|ARM.Deploy.0 = Ad-Hoc|iPhone
		{498AC7EC-9BE0-4F29-B0E0-3CDAD91EBD49}.Ad-Hoc|iPhone.ActiveCfg = Ad-Hoc|iPhone
		{498AC7EC-9BE0-4F29-B0E0-3CDAD91EBD49}.Ad-Hoc|iPhone.Build.0 = Ad-Hoc|iPhone
		{498AC7EC-9BE0-4F29-B0E0-3CDAD91EBD49}.Ad-Hoc|iPhone.Deploy.0 = Ad-Hoc|iPhone
		{498AC7EC-9BE0-4F29-B0E0-3CDAD91EBD49}.Ad-Hoc|iPhoneSimulator.ActiveCfg = Ad-Hoc|iPhoneSimulator
		{498AC7EC-9BE0-4F29-B0E0-3CDAD91EBD49}.Ad-Hoc|iPhoneSimulator.Build.0 = Ad-Hoc|iPhoneSimulator
		{498AC7EC-9BE0-4F29-B0E0-3CDAD91EBD49}.Ad-Hoc|iPhoneSimulator.Deploy.0 = Ad-Hoc|iPhoneSimulator
		{498AC7EC-9BE0-4F29-B0E0-3CDAD91EBD49}.Ad-Hoc|x64.ActiveCfg = Ad-Hoc|iPhone
		{498AC7EC-9BE0-4F29-B0E0-3CDAD91EBD49}.Ad-Hoc|x64.Build.0 = Ad-Hoc|iPhone
		{498AC7EC-9BE0-4F29-B0E0-3CDAD91EBD49}.Ad-Hoc|x64.Deploy.0 = Ad-Hoc|iPhone
		{498AC7EC-9BE0-4F29-B0E0-3CDAD91EBD49}.Ad-Hoc|x86.ActiveCfg = Ad-Hoc|iPhone
		{498AC7EC-9BE0-4F29-B0E0-3CDAD91EBD49}.Ad-Hoc|x86.Build.0 = Ad-Hoc|iPhone
		{498AC7EC-9BE0-4F29-B0E0-3CDAD91EBD49}.Ad-Hoc|x86.Deploy.0 = Ad-Hoc|iPhone
		{498AC7EC-9BE0-4F29-B0E0-3CDAD91EBD49}.AppStore|Any CPU.ActiveCfg = AppStore|iPhone
		{498AC7EC-9BE0-4F29-B0E0-3CDAD91EBD49}.AppStore|Any CPU.Build.0 = AppStore|iPhone
		{498AC7EC-9BE0-4F29-B0E0-3CDAD91EBD49}.AppStore|Any CPU.Deploy.0 = AppStore|iPhone
		{498AC7EC-9BE0-4F29-B0E0-3CDAD91EBD49}.AppStore|ARM.ActiveCfg = AppStore|iPhone
		{498AC7EC-9BE0-4F29-B0E0-3CDAD91EBD49}.AppStore|ARM.Build.0 = AppStore|iPhone
		{498AC7EC-9BE0-4F29-B0E0-3CDAD91EBD49}.AppStore|ARM.Deploy.0 = AppStore|iPhone
		{498AC7EC-9BE0-4F29-B0E0-3CDAD91EBD49}.AppStore|iPhone.ActiveCfg = AppStore|iPhone
		{498AC7EC-9BE0-4F29-B0E0-3CDAD91EBD49}.AppStore|iPhone.Build.0 = AppStore|iPhone
		{498AC7EC-9BE0-4F29-B0E0-3CDAD91EBD49}.AppStore|iPhone.Deploy.0 = AppStore|iPhone
		{498AC7EC-9BE0-4F29-B0E0-3CDAD91EBD49}.AppStore|iPhoneSimulator.ActiveCfg = AppStore|iPhoneSimulator
		{498AC7EC-9BE0-4F29-B0E0-3CDAD91EBD49}.AppStore|iPhoneSimulator.Build.0 = AppStore|iPhoneSimulator
		{498AC7EC-9BE0-4F29-B0E0-3CDAD91EBD49}.AppStore|iPhoneSimulator.Deploy.0 = AppStore|iPhoneSimulator
		{498AC7EC-9BE0-4F29-B0E0-3CDAD91EBD49}.AppStore|x64.ActiveCfg = AppStore|iPhone
		{498AC7EC-9BE0-4F29-B0E0-3CDAD91EBD49}.AppStore|x64.Build.0 = AppStore|iPhone
		{498AC7EC-9BE0-4F29-B0E0-3CDAD91EBD49}.AppStore|x64.Deploy.0 = AppStore|iPhone
		{498AC7EC-9BE0-4F29-B0E0-3CDAD91EBD49}.AppStore|x86.ActiveCfg = AppStore|iPhone
		{498AC7EC-9BE0-4F29-B0E0-3CDAD91EBD49}.AppStore|x86.Build.0 = AppStore|iPhone
		{498AC7EC-9BE0-4F29-B0E0-3CDAD91EBD49}.AppStore|x86.Deploy.0 = AppStore|iPhone
		{498AC7EC-9BE0-4F29-B0E0-3CDAD91EBD49}.Debug|Any CPU.ActiveCfg = Debug|iPhoneSimulator
		{498AC7EC-9BE0-4F29-B0E0-3CDAD91EBD49}.Debug|Any CPU.Build.0 = Debug|iPhoneSimulator
		{498AC7EC-9BE0-4F29-B0E0-3CDAD91EBD49}.Debug|Any CPU.Deploy.0 = Debug|iPhoneSimulator
		{498AC7EC-9BE0-4F29-B0E0-3CDAD91EBD49}.Debug|ARM.ActiveCfg = Debug|iPhone
		{498AC7EC-9BE0-4F29-B0E0-3CDAD91EBD49}.Debug|ARM.Build.0 = Debug|iPhone
		{498AC7EC-9BE0-4F29-B0E0-3CDAD91EBD49}.Debug|ARM.Deploy.0 = Debug|iPhone
		{498AC7EC-9BE0-4F29-B0E0-3CDAD91EBD49}.Debug|iPhone.ActiveCfg = Debug|iPhone
		{498AC7EC-9BE0-4F29-B0E0-3CDAD91EBD49}.Debug|iPhone.Build.0 = Debug|iPhone
		{498AC7EC-9BE0-4F29-B0E0-3CDAD91EBD49}.Debug|iPhone.Deploy.0 = Debug|iPhone
		{498AC7EC-9BE0-4F29-B0E0-3CDAD91EBD49}.Debug|iPhoneSimulator.ActiveCfg = Debug|iPhoneSimulator
		{498AC7EC-9BE0-4F29-B0E0-3CDAD91EBD49}.Debug|iPhoneSimulator.Build.0 = Debug|iPhoneSimulator
		{498AC7EC-9BE0-4F29-B0E0-3CDAD91EBD49}.Debug|iPhoneSimulator.Deploy.0 = Debug|iPhoneSimulator
		{498AC7EC-9BE0-4F29-B0E0-3CDAD91EBD49}.Debug|x64.ActiveCfg = Debug|iPhone
		{498AC7EC-9BE0-4F29-B0E0-3CDAD91EBD49}.Debug|x64.Build.0 = Debug|iPhone
		{498AC7EC-9BE0-4F29-B0E0-3CDAD91EBD49}.Debug|x64.Deploy.0 = Debug|iPhone
		{498AC7EC-9BE0-4F29-B0E0-3CDAD91EBD49}.Debug|x86.ActiveCfg = Debug|iPhone
		{498AC7EC-9BE0-4F29-B0E0-3CDAD91EBD49}.Debug|x86.Build.0 = Debug|iPhone
		{498AC7EC-9BE0-4F29-B0E0-3CDAD91EBD49}.Debug|x86.Deploy.0 = Debug|iPhone
		{498AC7EC-9BE0-4F29-B0E0-3CDAD91EBD49}.Release|Any CPU.ActiveCfg = Release|iPhone
		{498AC7EC-9BE0-4F29-B0E0-3CDAD91EBD49}.Release|Any CPU.Build.0 = Release|iPhone
		{498AC7EC-9BE0-4F29-B0E0-3CDAD91EBD49}.Release|Any CPU.Deploy.0 = Release|iPhone
		{498AC7EC-9BE0-4F29-B0E0-3CDAD91EBD49}.Release|ARM.ActiveCfg = Release|iPhone
		{498AC7EC-9BE0-4F29-B0E0-3CDAD91EBD49}.Release|ARM.Build.0 = Release|iPhone
		{498AC7EC-9BE0-4F29-B0E0-3CDAD91EBD49}.Release|ARM.Deploy.0 = Release|iPhone
		{498AC7EC-9BE0-4F29-B0E0-3CDAD91EBD49}.Release|iPhone.ActiveCfg = Release|iPhone
		{498AC7EC-9BE0-4F29-B0E0-3CDAD91EBD49}.Release|iPhone.Build.0 = Release|iPhone
		{498AC7EC-9BE0-4F29-B0E0-3CDAD91EBD49}.Release|iPhone.Deploy.0 = Release|iPhone
		{498AC7EC-9BE0-4F29-B0E0-3CDAD91EBD49}.Release|iPhoneSimulator.ActiveCfg = Release|iPhoneSimulator
		{498AC7EC-9BE0-4F29-B0E0-3CDAD91EBD49}.Release|iPhoneSimulator.Build.0 = Release|iPhoneSimulator
		{498AC7EC-9BE0-4F29-B0E0-3CDAD91EBD49}.Release|iPhoneSimulator.Deploy.0 = Release|iPhoneSimulator
		{498AC7EC-9BE0-4F29-B0E0-3CDAD91EBD49}.Release|x64.ActiveCfg = Release|iPhone
		{498AC7EC-9BE0-4F29-B0E0-3CDAD91EBD49}.Release|x64.Build.0 = Release|iPhone
		{498AC7EC-9BE0-4F29-B0E0-3CDAD91EBD49}.Release|x64.Deploy.0 = Release|iPhone
		{498AC7EC-9BE0-4F29-B0E0-3CDAD91EBD49}.Release|x86.ActiveCfg = Release|iPhone
		{498AC7EC-9BE0-4F29-B0E0-3CDAD91EBD49}.Release|x86.Build.0 = Release|iPhone
		{498AC7EC-9BE0-4F29-B0E0-3CDAD91EBD49}.Release|x86.Deploy.0 = Release|iPhone
		{D7EDEC7D-CAF6-4280-B321-A9CD2269D784}.Ad-Hoc|Any CPU.ActiveCfg = Release|x86
		{D7EDEC7D-CAF6-4280-B321-A9CD2269D784}.Ad-Hoc|Any CPU.Build.0 = Release|x86
		{D7EDEC7D-CAF6-4280-B321-A9CD2269D784}.Ad-Hoc|Any CPU.Deploy.0 = Release|x86
		{D7EDEC7D-CAF6-4280-B321-A9CD2269D784}.Ad-Hoc|ARM.ActiveCfg = Release|ARM
		{D7EDEC7D-CAF6-4280-B321-A9CD2269D784}.Ad-Hoc|ARM.Build.0 = Release|ARM
		{D7EDEC7D-CAF6-4280-B321-A9CD2269D784}.Ad-Hoc|ARM.Deploy.0 = Release|ARM
		{D7EDEC7D-CAF6-4280-B321-A9CD2269D784}.Ad-Hoc|iPhone.ActiveCfg = Release|x86
		{D7EDEC7D-CAF6-4280-B321-A9CD2269D784}.Ad-Hoc|iPhone.Build.0 = Release|x86
		{D7EDEC7D-CAF6-4280-B321-A9CD2269D784}.Ad-Hoc|iPhone.Deploy.0 = Release|x86
		{D7EDEC7D-CAF6-4280-B321-A9CD2269D784}.Ad-Hoc|iPhoneSimulator.ActiveCfg = Release|x86
		{D7EDEC7D-CAF6-4280-B321-A9CD2269D784}.Ad-Hoc|iPhoneSimulator.Build.0 = Release|x86
		{D7EDEC7D-CAF6-4280-B321-A9CD2269D784}.Ad-Hoc|iPhoneSimulator.Deploy.0 = Release|x86
		{D7EDEC7D-CAF6-4280-B321-A9CD2269D784}.Ad-Hoc|x64.ActiveCfg = Release|x64
		{D7EDEC7D-CAF6-4280-B321-A9CD2269D784}.Ad-Hoc|x64.Build.0 = Release|x64
		{D7EDEC7D-CAF6-4280-B321-A9CD2269D784}.Ad-Hoc|x64.Deploy.0 = Release|x64
		{D7EDEC7D-CAF6-4280-B321-A9CD2269D784}.Ad-Hoc|x86.ActiveCfg = Release|x86
		{D7EDEC7D-CAF6-4280-B321-A9CD2269D784}.Ad-Hoc|x86.Build.0 = Release|x86
		{D7EDEC7D-CAF6-4280-B321-A9CD2269D784}.Ad-Hoc|x86.Deploy.0 = Release|x86
		{D7EDEC7D-CAF6-4280-B321-A9CD2269D784}.AppStore|Any CPU.ActiveCfg = Release|x86
		{D7EDEC7D-CAF6-4280-B321-A9CD2269D784}.AppStore|Any CPU.Build.0 = Release|x86
		{D7EDEC7D-CAF6-4280-B321-A9CD2269D784}.AppStore|Any CPU.Deploy.0 = Release|x86
		{D7EDEC7D-CAF6-4280-B321-A9CD2269D784}.AppStore|ARM.ActiveCfg = Release|ARM
		{D7EDEC7D-CAF6-4280-B321-A9CD2269D784}.AppStore|ARM.Build.0 = Release|ARM
		{D7EDEC7D-CAF6-4280-B321-A9CD2269D784}.AppStore|ARM.Deploy.0 = Release|ARM
		{D7EDEC7D-CAF6-4280-B321-A9CD2269D784}.AppStore|iPhone.ActiveCfg = Release|x86
		{D7EDEC7D-CAF6-4280-B321-A9CD2269D784}.AppStore|iPhone.Build.0 = Release|x86
		{D7EDEC7D-CAF6-4280-B321-A9CD2269D784}.AppStore|iPhone.Deploy.0 = Release|x86
		{D7EDEC7D-CAF6-4280-B321-A9CD2269D784}.AppStore|iPhoneSimulator.ActiveCfg = Release|x86
		{D7EDEC7D-CAF6-4280-B321-A9CD2269D784}.AppStore|iPhoneSimulator.Build.0 = Release|x86
		{D7EDEC7D-CAF6-4280-B321-A9CD2269D784}.AppStore|iPhoneSimulator.Deploy.0 = Release|x86
		{D7EDEC7D-CAF6-4280-B321-A9CD2269D784}.AppStore|x64.ActiveCfg = Release|x64
		{D7EDEC7D-CAF6-4280-B321-A9CD2269D784}.AppStore|x64.Build.0 = Release|x64
		{D7EDEC7D-CAF6-4280-B321-A9CD2269D784}.AppStore|x64.Deploy.0 = Release|x64
		{D7EDEC7D-CAF6-4280-B321-A9CD2269D784}.AppStore|x86.ActiveCfg = Release|x86
		{D7EDEC7D-CAF6-4280-B321-A9CD2269D784}.AppStore|x86.Build.0 = Release|x86
		{D7EDEC7D-CAF6-4280-B321-A9CD2269D784}.AppStore|x86.Deploy.0 = Release|x86
		{D7EDEC7D-CAF6-4280-B321-A9CD2269D784}.Debug|Any CPU.ActiveCfg = Debug|x86
		{D7EDEC7D-CAF6-4280-B321-A9CD2269D784}.Debug|Any CPU.Build.0 = Debug|x86
		{D7EDEC7D-CAF6-4280-B321-A9CD2269D784}.Debug|Any CPU.Deploy.0 = Debug|x86
		{D7EDEC7D-CAF6-4280-B321-A9CD2269D784}.Debug|ARM.ActiveCfg = Debug|ARM
		{D7EDEC7D-CAF6-4280-B321-A9CD2269D784}.Debug|ARM.Build.0 = Debug|ARM
		{D7EDEC7D-CAF6-4280-B321-A9CD2269D784}.Debug|ARM.Deploy.0 = Debug|ARM
		{D7EDEC7D-CAF6-4280-B321-A9CD2269D784}.Debug|iPhone.ActiveCfg = Debug|x86
		{D7EDEC7D-CAF6-4280-B321-A9CD2269D784}.Debug|iPhone.Build.0 = Debug|x86
		{D7EDEC7D-CAF6-4280-B321-A9CD2269D784}.Debug|iPhone.Deploy.0 = Debug|x86
		{D7EDEC7D-CAF6-4280-B321-A9CD2269D784}.Debug|iPhoneSimulator.ActiveCfg = Debug|x86
		{D7EDEC7D-CAF6-4280-B321-A9CD2269D784}.Debug|iPhoneSimulator.Build.0 = Debug|x86
		{D7EDEC7D-CAF6-4280-B321-A9CD2269D784}.Debug|iPhoneSimulator.Deploy.0 = Debug|x86
		{D7EDEC7D-CAF6-4280-B321-A9CD2269D784}.Debug|x64.ActiveCfg = Debug|x64
		{D7EDEC7D-CAF6-4280-B321-A9CD2269D784}.Debug|x64.Build.0 = Debug|x64
		{D7EDEC7D-CAF6-4280-B321-A9CD2269D784}.Debug|x64.Deploy.0 = Debug|x64
		{D7EDEC7D-CAF6-4280-B321-A9CD2269D784}.Debug|x86.ActiveCfg = Debug|x86
		{D7EDEC7D-CAF6-4280-B321-A9CD2269D784}.Debug|x86.Build.0 = Debug|x86
		{D7EDEC7D-CAF6-4280-B321-A9CD2269D784}.Debug|x86.Deploy.0 = Debug|x86
		{D7EDEC7D-CAF6-4280-B321-A9CD2269D784}.Release|Any CPU.ActiveCfg = Release|x86
		{D7EDEC7D-CAF6-4280-B321-A9CD2269D784}.Release|Any CPU.Build.0 = Release|x86
		{D7EDEC7D-CAF6-4280-B321-A9CD2269D784}.Release|Any CPU.Deploy.0 = Release|x86
		{D7EDEC7D-CAF6-4280-B321-A9CD2269D784}.Release|ARM.ActiveCfg = Release|ARM
		{D7EDEC7D-CAF6-4280-B321-A9CD2269D784}.Release|ARM.Build.0 = Release|ARM
		{D7EDEC7D-CAF6-4280-B321-A9CD2269D784}.Release|ARM.Deploy.0 = Release|ARM
		{D7EDEC7D-CAF6-4280-B321-A9CD2269D784}.Release|iPhone.ActiveCfg = Release|x86
		{D7EDEC7D-CAF6-4280-B321-A9CD2269D784}.Release|iPhone.Build.0 = Release|x86
		{D7EDEC7D-CAF6-4280-B321-A9CD2269D784}.Release|iPhone.Deploy.0 = Release|x86
		{D7EDEC7D-CAF6-4280-B321-A9CD2269D784}.Release|iPhoneSimulator.ActiveCfg = Release|x86
		{D7EDEC7D-CAF6-4280-B321-A9CD2269D784}.Release|iPhoneSimulator.Build.0 = Release|x86
		{D7EDEC7D-CAF6-4280-B321-A9CD2269D784}.Release|iPhoneSimulator.Deploy.0 = Release|x86
		{D7EDEC7D-CAF6-4280-B321-A9CD2269D784}.Release|x64.ActiveCfg = Release|x64
		{D7EDEC7D-CAF6-4280-B321-A9CD2269D784}.Release|x64.Build.0 = Release|x64
		{D7EDEC7D-CAF6-4280-B321-A9CD2269D784}.Release|x64.Deploy.0 = Release|x64
		{D7EDEC7D-CAF6-4280-B321-A9CD2269D784}.Release|x86.ActiveCfg = Release|x86
		{D7EDEC7D-CAF6-4280-B321-A9CD2269D784}.Release|x86.Build.0 = Release|x86
		{D7EDEC7D-CAF6-4280-B321-A9CD2269D784}.Release|x86.Deploy.0 = Release|x86
		{3481C122-9B41-49E2-A9D8-A4084DB63CB5}.Ad-Hoc|Any CPU.ActiveCfg = Debug|Any CPU
		{3481C122-9B41-49E2-A9D8-A4084DB63CB5}.Ad-Hoc|Any CPU.Build.0 = Debug|Any CPU
		{3481C122-9B41-49E2-A9D8-A4084DB63CB5}.Ad-Hoc|Any CPU.Deploy.0 = Debug|Any CPU
		{3481C122-9B41-49E2-A9D8-A4084DB63CB5}.Ad-Hoc|ARM.ActiveCfg = Debug|Any CPU
		{3481C122-9B41-49E2-A9D8-A4084DB63CB5}.Ad-Hoc|ARM.Build.0 = Debug|Any CPU
		{3481C122-9B41-49E2-A9D8-A4084DB63CB5}.Ad-Hoc|ARM.Deploy.0 = Debug|Any CPU
		{3481C122-9B41-49E2-A9D8-A4084DB63CB5}.Ad-Hoc|iPhone.ActiveCfg = Debug|Any CPU
		{3481C122-9B41-49E2-A9D8-A4084DB63CB5}.Ad-Hoc|iPhone.Build.0 = Debug|Any CPU
		{3481C122-9B41-49E2-A9D8-A4084DB63CB5}.Ad-Hoc|iPhone.Deploy.0 = Debug|Any CPU
		{3481C122-9B41-49E2-A9D8-A4084DB63CB5}.Ad-Hoc|iPhoneSimulator.ActiveCfg = Debug|Any CPU
		{3481C122-9B41-49E2-A9D8-A4084DB63CB5}.Ad-Hoc|iPhoneSimulator.Build.0 = Debug|Any CPU
		{3481C122-9B41-49E2-A9D8-A4084DB63CB5}.Ad-Hoc|iPhoneSimulator.Deploy.0 = Debug|Any CPU
		{3481C122-9B41-49E2-A9D8-A4084DB63CB5}.Ad-Hoc|x64.ActiveCfg = Debug|Any CPU
		{3481C122-9B41-49E2-A9D8-A4084DB63CB5}.Ad-Hoc|x64.Build.0 = Debug|Any CPU
		{3481C122-9B41-49E2-A9D8-A4084DB63CB5}.Ad-Hoc|x64.Deploy.0 = Debug|Any CPU
		{3481C122-9B41-49E2-A9D8-A4084DB63CB5}.Ad-Hoc|x86.ActiveCfg = Debug|Any CPU
		{3481C122-9B41-49E2-A9D8-A4084DB63CB5}.Ad-Hoc|x86.Build.0 = Debug|Any CPU
		{3481C122-9B41-49E2-A9D8-A4084DB63CB5}.Ad-Hoc|x86.Deploy.0 = Debug|Any CPU
		{3481C122-9B41-49E2-A9D8-A4084DB63CB5}.AppStore|Any CPU.ActiveCfg = Debug|Any CPU
		{3481C122-9B41-49E2-A9D8-A4084DB63CB5}.AppStore|Any CPU.Build.0 = Debug|Any CPU
		{3481C122-9B41-49E2-A9D8-A4084DB63CB5}.AppStore|Any CPU.Deploy.0 = Debug|Any CPU
		{3481C122-9B41-49E2-A9D8-A4084DB63CB5}.AppStore|ARM.ActiveCfg = Debug|Any CPU
		{3481C122-9B41-49E2-A9D8-A4084DB63CB5}.AppStore|ARM.Build.0 = Debug|Any CPU
		{3481C122-9B41-49E2-A9D8-A4084DB63CB5}.AppStore|ARM.Deploy.0 = Debug|Any CPU
		{3481C122-9B41-49E2-A9D8-A4084DB63CB5}.AppStore|iPhone.ActiveCfg = Debug|Any CPU
		{3481C122-9B41-49E2-A9D8-A4084DB63CB5}.AppStore|iPhone.Build.0 = Debug|Any CPU
		{3481C122-9B41-49E2-A9D8-A4084DB63CB5}.AppStore|iPhone.Deploy.0 = Debug|Any CPU
		{3481C122-9B41-49E2-A9D8-A4084DB63CB5}.AppStore|iPhoneSimulator.ActiveCfg = Debug|Any CPU
		{3481C122-9B41-49E2-A9D8-A4084DB63CB5}.AppStore|iPhoneSimulator.Build.0 = Debug|Any CPU
		{3481C122-9B41-49E2-A9D8-A4084DB63CB5}.AppStore|iPhoneSimulator.Deploy.0 = Debug|Any CPU
		{3481C122-9B41-49E2-A9D8-A4084DB63CB5}.AppStore|x64.ActiveCfg = Debug|Any CPU
		{3481C122-9B41-49E2-A9D8-A4084DB63CB5}.AppStore|x64.Build.0 = Debug|Any CPU
		{3481C122-9B41-49E2-A9D8-A4084DB63CB5}.AppStore|x64.Deploy.0 = Debug|Any CPU
		{3481C122-9B41-49E2-A9D8-A4084DB63CB5}.AppStore|x86.ActiveCfg = Debug|Any CPU
		{3481C122-9B41-49E2-A9D8-A4084DB63CB5}.AppStore|x86.Build.0 = Debug|Any CPU
		{3481C122-9B41-49E2-A9D8-A4084DB63CB5}.AppStore|x86.Deploy.0 = Debug|Any CPU
		{3481C122-9B41-49E2-A9D8-A4084DB63CB5}.Debug|Any CPU.ActiveCfg = Debug|Any CPU
		{3481C122-9B41-49E2-A9D8-A4084DB63CB5}.Debug|Any CPU.Build.0 = Debug|Any CPU
		{3481C122-9B41-49E2-A9D8-A4084DB63CB5}.Debug|Any CPU.Deploy.0 = Debug|Any CPU
		{3481C122-9B41-49E2-A9D8-A4084DB63CB5}.Debug|ARM.ActiveCfg = Debug|Any CPU
		{3481C122-9B41-49E2-A9D8-A4084DB63CB5}.Debug|ARM.Build.0 = Debug|Any CPU
		{3481C122-9B41-49E2-A9D8-A4084DB63CB5}.Debug|ARM.Deploy.0 = Debug|Any CPU
		{3481C122-9B41-49E2-A9D8-A4084DB63CB5}.Debug|iPhone.ActiveCfg = Debug|Any CPU
		{3481C122-9B41-49E2-A9D8-A4084DB63CB5}.Debug|iPhone.Build.0 = Debug|Any CPU
		{3481C122-9B41-49E2-A9D8-A4084DB63CB5}.Debug|iPhone.Deploy.0 = Debug|Any CPU
		{3481C122-9B41-49E2-A9D8-A4084DB63CB5}.Debug|iPhoneSimulator.ActiveCfg = Debug|Any CPU
		{3481C122-9B41-49E2-A9D8-A4084DB63CB5}.Debug|iPhoneSimulator.Build.0 = Debug|Any CPU
		{3481C122-9B41-49E2-A9D8-A4084DB63CB5}.Debug|iPhoneSimulator.Deploy.0 = Debug|Any CPU
		{3481C122-9B41-49E2-A9D8-A4084DB63CB5}.Debug|x64.ActiveCfg = Debug|Any CPU
		{3481C122-9B41-49E2-A9D8-A4084DB63CB5}.Debug|x64.Build.0 = Debug|Any CPU
		{3481C122-9B41-49E2-A9D8-A4084DB63CB5}.Debug|x64.Deploy.0 = Debug|Any CPU
		{3481C122-9B41-49E2-A9D8-A4084DB63CB5}.Debug|x86.ActiveCfg = Debug|Any CPU
		{3481C122-9B41-49E2-A9D8-A4084DB63CB5}.Debug|x86.Build.0 = Debug|Any CPU
		{3481C122-9B41-49E2-A9D8-A4084DB63CB5}.Debug|x86.Deploy.0 = Debug|Any CPU
		{3481C122-9B41-49E2-A9D8-A4084DB63CB5}.Release|Any CPU.ActiveCfg = Release|Any CPU
		{3481C122-9B41-49E2-A9D8-A4084DB63CB5}.Release|Any CPU.Build.0 = Release|Any CPU
		{3481C122-9B41-49E2-A9D8-A4084DB63CB5}.Release|Any CPU.Deploy.0 = Release|Any CPU
		{3481C122-9B41-49E2-A9D8-A4084DB63CB5}.Release|ARM.ActiveCfg = Release|Any CPU
		{3481C122-9B41-49E2-A9D8-A4084DB63CB5}.Release|ARM.Build.0 = Release|Any CPU
		{3481C122-9B41-49E2-A9D8-A4084DB63CB5}.Release|ARM.Deploy.0 = Release|Any CPU
		{3481C122-9B41-49E2-A9D8-A4084DB63CB5}.Release|iPhone.ActiveCfg = Release|Any CPU
		{3481C122-9B41-49E2-A9D8-A4084DB63CB5}.Release|iPhone.Build.0 = Release|Any CPU
		{3481C122-9B41-49E2-A9D8-A4084DB63CB5}.Release|iPhone.Deploy.0 = Release|Any CPU
		{3481C122-9B41-49E2-A9D8-A4084DB63CB5}.Release|iPhoneSimulator.ActiveCfg = Release|Any CPU
		{3481C122-9B41-49E2-A9D8-A4084DB63CB5}.Release|iPhoneSimulator.Build.0 = Release|Any CPU
		{3481C122-9B41-49E2-A9D8-A4084DB63CB5}.Release|iPhoneSimulator.Deploy.0 = Release|Any CPU
		{3481C122-9B41-49E2-A9D8-A4084DB63CB5}.Release|x64.ActiveCfg = Release|Any CPU
		{3481C122-9B41-49E2-A9D8-A4084DB63CB5}.Release|x64.Build.0 = Release|Any CPU
		{3481C122-9B41-49E2-A9D8-A4084DB63CB5}.Release|x64.Deploy.0 = Release|Any CPU
		{3481C122-9B41-49E2-A9D8-A4084DB63CB5}.Release|x86.ActiveCfg = Release|Any CPU
		{3481C122-9B41-49E2-A9D8-A4084DB63CB5}.Release|x86.Build.0 = Release|Any CPU
		{3481C122-9B41-49E2-A9D8-A4084DB63CB5}.Release|x86.Deploy.0 = Release|Any CPU
	EndGlobalSection
	GlobalSection(SolutionProperties) = preSolution
		HideSolutionNode = FALSE
	EndGlobalSection
	GlobalSection(ExtensibilityGlobals) = postSolution
		SolutionGuid = {6BDA3C69-B26C-44E0-9C8E-B16DF859AB35}
	EndGlobalSection
EndGlobal
